// !$*UTF8*$!
{
	archiveVersion = 1;
	classes = {
	};
	objectVersion = 50;
	objects = {

/* Begin PBXBuildFile section */
		A148051B2443564700D265FB /* AppDelegate.swift in Sources */ = {isa = PBXBuildFile; fileRef = A148051A2443564700D265FB /* AppDelegate.swift */; };
		A148051D2443564700D265FB /* SceneDelegate.swift in Sources */ = {isa = PBXBuildFile; fileRef = A148051C2443564700D265FB /* SceneDelegate.swift */; };
		A148051F2443564700D265FB /* ViewController.swift in Sources */ = {isa = PBXBuildFile; fileRef = A148051E2443564700D265FB /* ViewController.swift */; };
		A14805222443564700D265FB /* Main.storyboard in Resources */ = {isa = PBXBuildFile; fileRef = A14805202443564700D265FB /* Main.storyboard */; };
		A14805242443564A00D265FB /* Assets.xcassets in Resources */ = {isa = PBXBuildFile; fileRef = A14805232443564A00D265FB /* Assets.xcassets */; };
		A14805272443564A00D265FB /* LaunchScreen.storyboard in Resources */ = {isa = PBXBuildFile; fileRef = A14805252443564A00D265FB /* LaunchScreen.storyboard */; };
		A148052F2443570200D265FB /* MemoryItem.swift in Sources */ = {isa = PBXBuildFile; fileRef = A148052E2443570200D265FB /* MemoryItem.swift */; };
		A148053124435A1800D265FB /* Items.json in Resources */ = {isa = PBXBuildFile; fileRef = A148053024435A1800D265FB /* Items.json */; };
		A148053324435D8900D265FB /* MemoryViewController.swift in Sources */ = {isa = PBXBuildFile; fileRef = A148053224435D8900D265FB /* MemoryViewController.swift */; };
		A1480535244369C900D265FB /* MemoryDataSource.swift in Sources */ = {isa = PBXBuildFile; fileRef = A1480534244369C900D265FB /* MemoryDataSource.swift */; };
		FA183483D331B167AD461689 /* Pods_Memorize.framework in Frameworks */ = {isa = PBXBuildFile; fileRef = E5D490444238AB3D22F21718 /* Pods_Memorize.framework */; };
/* End PBXBuildFile section */

/* Begin PBXFileReference section */
		A14805172443564700D265FB /* Memorize.app */ = {isa = PBXFileReference; explicitFileType = wrapper.application; includeInIndex = 0; path = Memorize.app; sourceTree = BUILT_PRODUCTS_DIR; };
		A148051A2443564700D265FB /* AppDelegate.swift */ = {isa = PBXFileReference; lastKnownFileType = sourcecode.swift; path = AppDelegate.swift; sourceTree = "<group>"; };
		A148051C2443564700D265FB /* SceneDelegate.swift */ = {isa = PBXFileReference; lastKnownFileType = sourcecode.swift; path = SceneDelegate.swift; sourceTree = "<group>"; };
		A148051E2443564700D265FB /* ViewController.swift */ = {isa = PBXFileReference; lastKnownFileType = sourcecode.swift; path = ViewController.swift; sourceTree = "<group>"; };
		A14805212443564700D265FB /* Base */ = {isa = PBXFileReference; lastKnownFileType = file.storyboard; name = Base; path = Base.lproj/Main.storyboard; sourceTree = "<group>"; };
		A14805232443564A00D265FB /* Assets.xcassets */ = {isa = PBXFileReference; lastKnownFileType = folder.assetcatalog; path = Assets.xcassets; sourceTree = "<group>"; };
		A14805262443564A00D265FB /* Base */ = {isa = PBXFileReference; lastKnownFileType = file.storyboard; name = Base; path = Base.lproj/LaunchScreen.storyboard; sourceTree = "<group>"; };
		A14805282443564A00D265FB /* Info.plist */ = {isa = PBXFileReference; lastKnownFileType = text.plist.xml; path = Info.plist; sourceTree = "<group>"; };
		A148052E2443570200D265FB /* MemoryItem.swift */ = {isa = PBXFileReference; lastKnownFileType = sourcecode.swift; path = MemoryItem.swift; sourceTree = "<group>"; };
		A148053024435A1800D265FB /* Items.json */ = {isa = PBXFileReference; fileEncoding = 4; lastKnownFileType = text.json; path = Items.json; sourceTree = "<group>"; };
		A148053224435D8900D265FB /* MemoryViewController.swift */ = {isa = PBXFileReference; lastKnownFileType = sourcecode.swift; path = MemoryViewController.swift; sourceTree = "<group>"; };
		A1480534244369C900D265FB /* MemoryDataSource.swift */ = {isa = PBXFileReference; lastKnownFileType = sourcecode.swift; path = MemoryDataSource.swift; sourceTree = "<group>"; };
		ACEE4D4A16505CB1C5FD89B6 /* Pods-Memorize.debug.xcconfig */ = {isa = PBXFileReference; includeInIndex = 1; lastKnownFileType = text.xcconfig; name = "Pods-Memorize.debug.xcconfig"; path = "Target Support Files/Pods-Memorize/Pods-Memorize.debug.xcconfig"; sourceTree = "<group>"; };
		E5D490444238AB3D22F21718 /* Pods_Memorize.framework */ = {isa = PBXFileReference; explicitFileType = wrapper.framework; includeInIndex = 0; path = Pods_Memorize.framework; sourceTree = BUILT_PRODUCTS_DIR; };
		EA1420278ABC92275E9FA67E /* Pods-Memorize.release.xcconfig */ = {isa = PBXFileReference; includeInIndex = 1; lastKnownFileType = text.xcconfig; name = "Pods-Memorize.release.xcconfig"; path = "Target Support Files/Pods-Memorize/Pods-Memorize.release.xcconfig"; sourceTree = "<group>"; };
/* End PBXFileReference section */

/* Begin PBXFrameworksBuildPhase section */
		A14805142443564700D265FB /* Frameworks */ = {
			isa = PBXFrameworksBuildPhase;
			buildActionMask = 2147483647;
			files = (
				FA183483D331B167AD461689 /* Pods_Memorize.framework in Frameworks */,
			);
			runOnlyForDeploymentPostprocessing = 0;
		};
/* End PBXFrameworksBuildPhase section */

/* Begin PBXGroup section */
		2651E8A0BA348E070AF7070E /* Frameworks */ = {
			isa = PBXGroup;
			children = (
				E5D490444238AB3D22F21718 /* Pods_Memorize.framework */,
			);
			name = Frameworks;
			sourceTree = "<group>";
		};
		8411F752E82C58882956D200 /* Pods */ = {
			isa = PBXGroup;
			children = (
				ACEE4D4A16505CB1C5FD89B6 /* Pods-Memorize.debug.xcconfig */,
				EA1420278ABC92275E9FA67E /* Pods-Memorize.release.xcconfig */,
			);
			path = Pods;
			sourceTree = "<group>";
		};
		A148050E2443564700D265FB = {
			isa = PBXGroup;
			children = (
				A14805192443564700D265FB /* Memorize */,
				A14805182443564700D265FB /* Products */,
				8411F752E82C58882956D200 /* Pods */,
				2651E8A0BA348E070AF7070E /* Frameworks */,
			);
			sourceTree = "<group>";
		};
		A14805182443564700D265FB /* Products */ = {
			isa = PBXGroup;
			children = (
				A14805172443564700D265FB /* Memorize.app */,
			);
			name = Products;
			sourceTree = "<group>";
		};
		A14805192443564700D265FB /* Memorize */ = {
			isa = PBXGroup;
			children = (
				A148051A2443564700D265FB /* AppDelegate.swift */,
				A148051C2443564700D265FB /* SceneDelegate.swift */,
				A148053024435A1800D265FB /* Items.json */,
				A148051E2443564700D265FB /* ViewController.swift */,
				A14805202443564700D265FB /* Main.storyboard */,
				A14805232443564A00D265FB /* Assets.xcassets */,
				A14805252443564A00D265FB /* LaunchScreen.storyboard */,
				A14805282443564A00D265FB /* Info.plist */,
				A148052E2443570200D265FB /* MemoryItem.swift */,
				A148053224435D8900D265FB /* MemoryViewController.swift */,
				A1480534244369C900D265FB /* MemoryDataSource.swift */,
			);
			path = Memorize;
			sourceTree = "<group>";
		};
/* End PBXGroup section */

/* Begin PBXNativeTarget section */
		A14805162443564700D265FB /* Memorize */ = {
			isa = PBXNativeTarget;
			buildConfigurationList = A148052B2443564A00D265FB /* Build configuration list for PBXNativeTarget "Memorize" */;
			buildPhases = (
				2F7DFCDD508BD8327456E29C /* [CP] Check Pods Manifest.lock */,
				A14805132443564700D265FB /* Sources */,
				A14805142443564700D265FB /* Frameworks */,
				A14805152443564700D265FB /* Resources */,
			);
			buildRules = (
			);
			dependencies = (
			);
			name = Memorize;
			productName = Memorize;
			productReference = A14805172443564700D265FB /* Memorize.app */;
			productType = "com.apple.product-type.application";
		};
/* End PBXNativeTarget section */

/* Begin PBXProject section */
		A148050F2443564700D265FB /* Project object */ = {
			isa = PBXProject;
			attributes = {
				LastSwiftUpdateCheck = 1130;
				LastUpgradeCheck = 1130;
				ORGANIZATIONNAME = "Jair Moreno Gaspar";
				TargetAttributes = {
					A14805162443564700D265FB = {
						CreatedOnToolsVersion = 11.3.1;
					};
				};
			};
			buildConfigurationList = A14805122443564700D265FB /* Build configuration list for PBXProject "Memorize" */;
			compatibilityVersion = "Xcode 9.3";
			developmentRegion = en;
			hasScannedForEncodings = 0;
			knownRegions = (
				en,
				Base,
			);
			mainGroup = A148050E2443564700D265FB;
			productRefGroup = A14805182443564700D265FB /* Products */;
			projectDirPath = "";
			projectRoot = "";
			targets = (
				A14805162443564700D265FB /* Memorize */,
			);
		};
/* End PBXProject section */

/* Begin PBXResourcesBuildPhase section */
		A14805152443564700D265FB /* Resources */ = {
			isa = PBXResourcesBuildPhase;
			buildActionMask = 2147483647;
			files = (
				A148053124435A1800D265FB /* Items.json in Resources */,
				A14805272443564A00D265FB /* LaunchScreen.storyboard in Resources */,
				A14805242443564A00D265FB /* Assets.xcassets in Resources */,
				A14805222443564700D265FB /* Main.storyboard in Resources */,
			);
			runOnlyForDeploymentPostprocessing = 0;
		};
/* End PBXResourcesBuildPhase section */

/* Begin PBXShellScriptBuildPhase section */
		2F7DFCDD508BD8327456E29C /* [CP] Check Pods Manifest.lock */ = {
			isa = PBXShellScriptBuildPhase;
			buildActionMask = 2147483647;
			files = (
			);
			inputFileListPaths = (
			);
			inputPaths = (
				"${PODS_PODFILE_DIR_PATH}/Podfile.lock",
				"${PODS_ROOT}/Manifest.lock",
			);
			name = "[CP] Check Pods Manifest.lock";
			outputFileListPaths = (
			);
			outputPaths = (
				"$(DERIVED_FILE_DIR)/Pods-Memorize-checkManifestLockResult.txt",
			);
			runOnlyForDeploymentPostprocessing = 0;
			shellPath = /bin/sh;
			shellScript = "diff \"${PODS_PODFILE_DIR_PATH}/Podfile.lock\" \"${PODS_ROOT}/Manifest.lock\" > /dev/null\nif [ $? != 0 ] ; then\n    # print error to STDERR\n    echo \"error: The sandbox is not in sync with the Podfile.lock. Run 'pod install' or update your CocoaPods installation.\" >&2\n    exit 1\nfi\n# This output is used by Xcode 'outputs' to avoid re-running this script phase.\necho \"SUCCESS\" > \"${SCRIPT_OUTPUT_FILE_0}\"\n";
			showEnvVarsInLog = 0;
		};
/* End PBXShellScriptBuildPhase section */

/* Begin PBXSourcesBuildPhase section */
		A14805132443564700D265FB /* Sources */ = {
			isa = PBXSourcesBuildPhase;
			buildActionMask = 2147483647;
			files = (
				A148051F2443564700D265FB /* ViewController.swift in Sources */,
				A1480535244369C900D265FB /* MemoryDataSource.swift in Sources */,
				A148051B2443564700D265FB /* AppDelegate.swift in Sources */,
				A148051D2443564700D265FB /* SceneDelegate.swift in Sources */,
				A148052F2443570200D265FB /* MemoryItem.swift in Sources */,
				A148053324435D8900D265FB /* MemoryViewController.swift in Sources */,
			);
			runOnlyForDeploymentPostprocessing = 0;
		};
/* End PBXSourcesBuildPhase section */

/* Begin PBXVariantGroup section */
		A14805202443564700D265FB /* Main.storyboard */ = {
			isa = PBXVariantGroup;
			children = (
				A14805212443564700D265FB /* Base */,
			);
			name = Main.storyboard;
			sourceTree = "<group>";
		};
		A14805252443564A00D265FB /* LaunchScreen.storyboard */ = {
			isa = PBXVariantGroup;
			children = (
				A14805262443564A00D265FB /* Base */,
			);
			name = LaunchScreen.storyboard;
			sourceTree = "<group>";
		};
/* End PBXVariantGroup section */

/* Begin XCBuildConfiguration section */
		A14805292443564A00D265FB /* Debug */ = {
			isa = XCBuildConfiguration;
			buildSettings = {
				ALWAYS_SEARCH_USER_PATHS = NO;
				CLANG_ANALYZER_NONNULL = YES;
				CLANG_ANALYZER_NUMBER_OBJECT_CONVERSION = YES_AGGRESSIVE;
				CLANG_CXX_LANGUAGE_STANDARD = "gnu++14";
				CLANG_CXX_LIBRARY = "libc++";
				CLANG_ENABLE_MODULES = YES;
				CLANG_ENABLE_OBJC_ARC = YES;
				CLANG_ENABLE_OBJC_WEAK = YES;
				CLANG_WARN_BLOCK_CAPTURE_AUTORELEASING = YES;
				CLANG_WARN_BOOL_CONVERSION = YES;
				CLANG_WARN_COMMA = YES;
				CLANG_WARN_CONSTANT_CONVERSION = YES;
				CLANG_WARN_DEPRECATED_OBJC_IMPLEMENTATIONS = YES;
				CLANG_WARN_DIRECT_OBJC_ISA_USAGE = YES_ERROR;
				CLANG_WARN_DOCUMENTATION_COMMENTS = YES;
				CLANG_WARN_EMPTY_BODY = YES;
				CLANG_WARN_ENUM_CONVERSION = YES;
				CLANG_WARN_INFINITE_RECURSION = YES;
				CLANG_WARN_INT_CONVERSION = YES;
				CLANG_WARN_NON_LITERAL_NULL_CONVERSION = YES;
				CLANG_WARN_OBJC_IMPLICIT_RETAIN_SELF = YES;
				CLANG_WARN_OBJC_LITERAL_CONVERSION = YES;
				CLANG_WARN_OBJC_ROOT_CLASS = YES_ERROR;
				CLANG_WARN_RANGE_LOOP_ANALYSIS = YES;
				CLANG_WARN_STRICT_PROTOTYPES = YES;
				CLANG_WARN_SUSPICIOUS_MOVE = YES;
				CLANG_WARN_UNGUARDED_AVAILABILITY = YES_AGGRESSIVE;
				CLANG_WARN_UNREACHABLE_CODE = YES;
				CLANG_WARN__DUPLICATE_METHOD_MATCH = YES;
				COPY_PHASE_STRIP = NO;
				DEBUG_INFORMATION_FORMAT = dwarf;
				ENABLE_STRICT_OBJC_MSGSEND = YES;
				ENABLE_TESTABILITY = YES;
				GCC_C_LANGUAGE_STANDARD = gnu11;
				GCC_DYNAMIC_NO_PIC = NO;
				GCC_NO_COMMON_BLOCKS = YES;
				GCC_OPTIMIZATION_LEVEL = 0;
				GCC_PREPROCESSOR_DEFINITIONS = (
					"DEBUG=1",
					"$(inherited)",
				);
				GCC_WARN_64_TO_32_BIT_CONVERSION = YES;
				GCC_WARN_ABOUT_RETURN_TYPE = YES_ERROR;
				GCC_WARN_UNDECLARED_SELECTOR = YES;
				GCC_WARN_UNINITIALIZED_AUTOS = YES_AGGRESSIVE;
				GCC_WARN_UNUSED_FUNCTION = YES;
				GCC_WARN_UNUSED_VARIABLE = YES;
				IPHONEOS_DEPLOYMENT_TARGET = 13.2;
				MTL_ENABLE_DEBUG_INFO = INCLUDE_SOURCE;
				MTL_FAST_MATH = YES;
				ONLY_ACTIVE_ARCH = YES;
				SDKROOT = iphoneos;
				SWIFT_ACTIVE_COMPILATION_CONDITIONS = DEBUG;
				SWIFT_OPTIMIZATION_LEVEL = "-Onone";
			};
			name = Debug;
		};
		A148052A2443564A00D265FB /* Release */ = {
			isa = XCBuildConfiguration;
			buildSettings = {
				ALWAYS_SEARCH_USER_PATHS = NO;
				CLANG_ANALYZER_NONNULL = YES;
				CLANG_ANALYZER_NUMBER_OBJECT_CONVERSION = YES_AGGRESSIVE;
				CLANG_CXX_LANGUAGE_STANDARD = "gnu++14";
				CLANG_CXX_LIBRARY = "libc++";
				CLANG_ENABLE_MODULES = YES;
				CLANG_ENABLE_OBJC_ARC = YES;
				CLANG_ENABLE_OBJC_WEAK = YES;
				CLANG_WARN_BLOCK_CAPTURE_AUTORELEASING = YES;
				CLANG_WARN_BOOL_CONVERSION = YES;
				CLANG_WARN_COMMA = YES;
				CLANG_WARN_CONSTANT_CONVERSION = YES;
				CLANG_WARN_DEPRECATED_OBJC_IMPLEMENTATIONS = YES;
				CLANG_WARN_DIRECT_OBJC_ISA_USAGE = YES_ERROR;
				CLANG_WARN_DOCUMENTATION_COMMENTS = YES;
				CLANG_WARN_EMPTY_BODY = YES;
				CLANG_WARN_ENUM_CONVERSION = YES;
				CLANG_WARN_INFINITE_RECURSION = YES;
				CLANG_WARN_INT_CONVERSION = YES;
				CLANG_WARN_NON_LITERAL_NULL_CONVERSION = YES;
				CLANG_WARN_OBJC_IMPLICIT_RETAIN_SELF = YES;
				CLANG_WARN_OBJC_LITERAL_CONVERSION = YES;
				CLANG_WARN_OBJC_ROOT_CLASS = YES_ERROR;
				CLANG_WARN_RANGE_LOOP_ANALYSIS = YES;
				CLANG_WARN_STRICT_PROTOTYPES = YES;
				CLANG_WARN_SUSPICIOUS_MOVE = YES;
				CLANG_WARN_UNGUARDED_AVAILABILITY = YES_AGGRESSIVE;
				CLANG_WARN_UNREACHABLE_CODE = YES;
				CLANG_WARN__DUPLICATE_METHOD_MATCH = YES;
				COPY_PHASE_STRIP = NO;
				DEBUG_INFORMATION_FORMAT = "dwarf-with-dsym";
				ENABLE_NS_ASSERTIONS = NO;
				ENABLE_STRICT_OBJC_MSGSEND = YES;
				GCC_C_LANGUAGE_STANDARD = gnu11;
				GCC_NO_COMMON_BLOCKS = YES;
				GCC_WARN_64_TO_32_BIT_CONVERSION = YES;
				GCC_WARN_ABOUT_RETURN_TYPE = YES_ERROR;
				GCC_WARN_UNDECLARED_SELECTOR = YES;
				GCC_WARN_UNINITIALIZED_AUTOS = YES_AGGRESSIVE;
				GCC_WARN_UNUSED_FUNCTION = YES;
				GCC_WARN_UNUSED_VARIABLE = YES;
				IPHONEOS_DEPLOYMENT_TARGET = 13.2;
				MTL_ENABLE_DEBUG_INFO = NO;
				MTL_FAST_MATH = YES;
				SDKROOT = iphoneos;
				SWIFT_COMPILATION_MODE = wholemodule;
				SWIFT_OPTIMIZATION_LEVEL = "-O";
				VALIDATE_PRODUCT = YES;
			};
			name = Release;
		};
		A148052C2443564A00D265FB /* Debug */ = {
			isa = XCBuildConfiguration;
			baseConfigurationReference = ACEE4D4A16505CB1C5FD89B6 /* Pods-Memorize.debug.xcconfig */;
			buildSettings = {
				ASSETCATALOG_COMPILER_APPICON_NAME = AppIcon;
				CODE_SIGN_IDENTITY = "Apple Development";
				CODE_SIGN_STYLE = Automatic;
				DEVELOPMENT_TEAM = 699VM465Y9;
				INFOPLIST_FILE = Memorize/Info.plist;
				LD_RUNPATH_SEARCH_PATHS = (
					"$(inherited)",
					"@executable_path/Frameworks",
				);
				PRODUCT_BUNDLE_IDENTIFIER = com.testapp.Memorize;
				PRODUCT_NAME = "$(TARGET_NAME)";
				PROVISIONING_PROFILE_SPECIFIER = "";
				SWIFT_VERSION = 5.0;
				TARGETED_DEVICE_FAMILY = 1;
			};
			name = Debug;
		};
		A148052D2443564A00D265FB /* Release */ = {
			isa = XCBuildConfiguration;
			baseConfigurationReference = EA1420278ABC92275E9FA67E /* Pods-Memorize.release.xcconfig */;
			buildSettings = {
				ASSETCATALOG_COMPILER_APPICON_NAME = AppIcon;
				CODE_SIGN_IDENTITY = "Apple Development";
				CODE_SIGN_STYLE = Automatic;
				DEVELOPMENT_TEAM = 699VM465Y9;
				INFOPLIST_FILE = Memorize/Info.plist;
				LD_RUNPATH_SEARCH_PATHS = (
					"$(inherited)",
					"@executable_path/Frameworks",
				);
				PRODUCT_BUNDLE_IDENTIFIER = com.testapp.Memorize;
				PRODUCT_NAME = "$(TARGET_NAME)";
				PROVISIONING_PROFILE_SPECIFIER = "";
				SWIFT_VERSION = 5.0;
				TARGETED_DEVICE_FAMILY = 1;
			};
			name = Release;
		};
/* End XCBuildConfiguration section */

/* Begin XCConfigurationList section */
		A14805122443564700D265FB /* Build configuration list for PBXProject "Memorize" */ = {
			isa = XCConfigurationList;
			buildConfigurations = (
				A14805292443564A00D265FB /* Debug */,
				A148052A2443564A00D265FB /* Release */,
			);
			defaultConfigurationIsVisible = 0;
			defaultConfigurationName = Release;
		};
		A148052B2443564A00D265FB /* Build configuration list for PBXNativeTarget "Memorize" */ = {
			isa = XCConfigurationList;
			buildConfigurations = (
				A148052C2443564A00D265FB /* Debug */,
				A148052D2443564A00D265FB /* Release */,
			);
			defaultConfigurationIsVisible = 0;
			defaultConfigurationName = Release;
		};
/* End XCConfigurationList section */
	};
	rootObject = A148050F2443564700D265FB /* Project object */;
}
